Microsoft Visual Studio Solution File, Format Version 12.00
# Visual Studio Version 17
VisualStudioVersion = 17.0.31903.59
MinimumVisualStudioVersion = 10.0.40219.1
Project("{FAE04EC0-301F-11D3-BF4B-00C04F79EFBC}") = "RfRxV02Host.Core", "RfRxV02Host.Core\RfRxV02Host.Core.csproj", "{6E84A8F4-4BC2-4A6C-87CF-601061F31D76}"
EndProject
Project("{FAE04EC0-301F-11D3-BF4B-00C04F79EFBC}") = "RfRxV02Host.Maui", "RfRxV02Host.Maui\RfRxV02Host.Maui.csproj", "{0F8C54EC-F924-45AC-A79E-2E9AEFDB5F62}"
EndProject
Global
  GlobalSection(SolutionConfigurationPlatforms) = preSolution
    Debug|Any CPU = Debug|Any CPU
    Release|Any CPU = Release|Any CPU
  EndGlobalSection
  GlobalSection(ProjectConfigurationPlatforms) = postSolution
    {6E84A8F4-4BC2-4A6C-87CF-601061F31D76}.Debug|Any CPU.ActiveCfg = Debug|Any CPU
    {6E84A8F4-4BC2-4A6C-87CF-601061F31D76}.Debug|Any CPU.Build.0 = Debug|Any CPU
    {6E84A8F4-4BC2-4A6C-87CF-601061F31D76}.Release|Any CPU.ActiveCfg = Release|Any CPU
    {6E84A8F4-4BC2-4A6C-87CF-601061F31D76}.Release|Any CPU.Build.0 = Release|Any CPU
    {0F8C54EC-F924-45AC-A79E-2E9AEFDB5F62}.Debug|Any CPU.ActiveCfg = Debug|Any CPU
    {0F8C54EC-F924-45AC-A79E-2E9AEFDB5F62}.Debug|Any CPU.Build.0 = Debug|Any CPU
    {0F8C54EC-F924-45AC-A79E-2E9AEFDB5F62}.Release|Any CPU.ActiveCfg = Release|Any CPU
    {0F8C54EC-F924-45AC-A79E-2E9AEFDB5F62}.Release|Any CPU.Build.0 = Release|Any CPU
  EndGlobalSection
  GlobalSection(SolutionProperties) = preSolution
    HideSolutionNode = FALSE
  EndGlobalSection
EndGlobal
